
Microsoft Visual Studio Solution File, Format Version 12.00
# Visual Studio Version 16
VisualStudioVersion = 16.0.29324.140
MinimumVisualStudioVersion = 10.0.40219.1
Project("{9A19103F-16F7-4668-BE54-9A1E7A4F7556}") = "WpfAppNetCore3", "WpfAppNetCore3\WpfAppNetCore3.csproj", "{735D9656-93D7-474C-B751-A912C0CAEF94}"
EndProject
Project("{9A19103F-16F7-4668-BE54-9A1E7A4F7556}") = "NetStandardLib", "NetStandardLib\NetStandardLib.csproj", "{72630633-D423-4423-B628-7ABAE1731DB8}"
EndProject
Project("{9A19103F-16F7-4668-BE54-9A1E7A4F7556}") = "NetCoreLib", "NetCoreLib\NetCoreLib.csproj", "{7FC4B212-F5D8-4DDE-9378-C70893C9205C}"
EndProject
Project("{FAE04EC0-301F-11D3-BF4B-00C04F79EFBC}") = "NetFrameworkLib", "NetFrameworkLib\NetFrameworkLib.csproj", "{A4671FD9-699F-4CD2-B7B3-A55EDC98D05C}"
EndProject
Global
	GlobalSection(SolutionConfigurationPlatforms) = preSolution
		Debug|Any CPU = Debug|Any CPU
		Release|Any CPU = Release|Any CPU
	EndGlobalSection
	GlobalSection(ProjectConfigurationPlatforms) = postSolution
		{735D9656-93D7-474C-B751-A912C0CAEF94}.Debug|Any CPU.ActiveCfg = Debug|Any CPU
		{735D9656-93D7-474C-B751-A912C0CAEF94}.Debug|Any CPU.Build.0 = Debug|Any CPU
		{735D9656-93D7-474C-B751-A912C0CAEF94}.Release|Any CPU.ActiveCfg = Release|Any CPU
		{735D9656-93D7-474C-B751-A912C0CAEF94}.Release|Any CPU.Build.0 = Release|Any CPU
		{72630633-D423-4423-B628-7ABAE1731DB8}.Debug|Any CPU.ActiveCfg = Debug|Any CPU
		{72630633-D423-4423-B628-7ABAE1731DB8}.Debug|Any CPU.Build.0 = Debug|Any CPU
		{72630633-D423-4423-B628-7ABAE1731DB8}.Release|Any CPU.ActiveCfg = Release|Any CPU
		{72630633-D423-4423-B628-7ABAE1731DB8}.Release|Any CPU.Build.0 = Release|Any CPU
		{7FC4B212-F5D8-4DDE-9378-C70893C9205C}.Debug|Any CPU.ActiveCfg = Debug|Any CPU
		{7FC4B212-F5D8-4DDE-9378-C70893C9205C}.Debug|Any CPU.Build.0 = Debug|Any CPU
		{7FC4B212-F5D8-4DDE-9378-C70893C9205C}.Release|Any CPU.ActiveCfg = Release|Any CPU
		{7FC4B212-F5D8-4DDE-9378-C70893C9205C}.Release|Any CPU.Build.0 = Release|Any CPU
		{A4671FD9-699F-4CD2-B7B3-A55EDC98D05C}.Debug|Any CPU.ActiveCfg = Debug|Any CPU
		{A4671FD9-699F-4CD2-B7B3-A55EDC98D05C}.Debug|Any CPU.Build.0 = Debug|Any CPU
		{A4671FD9-699F-4CD2-B7B3-A55EDC98D05C}.Release|Any CPU.ActiveCfg = Release|Any CPU
		{A4671FD9-699F-4CD2-B7B3-A55EDC98D05C}.Release|Any CPU.Build.0 = Release|Any CPU
	EndGlobalSection
	GlobalSection(SolutionProperties) = preSolution
		HideSolutionNode = FALSE
	EndGlobalSection
	GlobalSection(ExtensibilityGlobals) = postSolution
		SolutionGuid = {6A041089-DBF0-4DF9-9B42-EBF09408A786}
	EndGlobalSection
EndGlobal
